<?xml version="1.0" encoding="UTF-8"?>
<CodeBlocks_project_file>
	<FileVersion major="1" minor="6"/>
	<Project>
		<Option title="c_cpp"/>
		<Option makefile_is_custom="1"/>
		<Option compiler="gcc"/>
		<Option virtualFolders="CMake Files\;"/>
		<Build>
			<Target title="all">
				<Option working_dir="/home/moroz/Desktop/c_cpp"/>
				<Option type="4"/>
				<MakeCommands>
					<Build command="/usr/bin/make -f &quot;/home/moroz/Desktop/c_cpp/Makefile&quot;  VERBOSE=1 all"/>
					<CompileFile command="/usr/bin/make -f &quot;/home/moroz/Desktop/c_cpp/Makefile&quot;  VERBOSE=1 &quot;$file&quot;"/>
					<Clean command="/usr/bin/make -f &quot;/home/moroz/Desktop/c_cpp/Makefile&quot;  VERBOSE=1 clean"/>
					<DistClean command="/usr/bin/make -f &quot;/home/moroz/Desktop/c_cpp/Makefile&quot;  VERBOSE=1 clean"/>
				</MakeCommands>
			</Target>
			<Target title="c_cpp">
				<Option output="/home/moroz/Desktop/c_cpp/c_cpp" prefix_auto="0" extension_auto="0"/>
				<Option working_dir="/home/moroz/Desktop/c_cpp"/>
				<Option object_output="./"/>
				<Option type="1"/>
				<Option compiler="gcc"/>
				<Compiler>
					<Add directory="/home/moroz/Desktop/c_cpp/lib"/>
				</Compiler>
				<MakeCommands>
					<Build command="/usr/bin/make -f &quot;/home/moroz/Desktop/c_cpp/Makefile&quot;  VERBOSE=1 c_cpp"/>
					<CompileFile command="/usr/bin/make -f &quot;/home/moroz/Desktop/c_cpp/Makefile&quot;  VERBOSE=1 &quot;$file&quot;"/>
					<Clean command="/usr/bin/make -f &quot;/home/moroz/Desktop/c_cpp/Makefile&quot;  VERBOSE=1 clean"/>
					<DistClean command="/usr/bin/make -f &quot;/home/moroz/Desktop/c_cpp/Makefile&quot;  VERBOSE=1 clean"/>
				</MakeCommands>
			</Target>
			<Target title="c_cpp/fast">
				<Option output="/home/moroz/Desktop/c_cpp/c_cpp" prefix_auto="0" extension_auto="0"/>
				<Option working_dir="/home/moroz/Desktop/c_cpp"/>
				<Option object_output="./"/>
				<Option type="1"/>
				<Option compiler="gcc"/>
				<Compiler>
					<Add directory="/home/moroz/Desktop/c_cpp/lib"/>
				</Compiler>
				<MakeCommands>
					<Build command="/usr/bin/make -f &quot;/home/moroz/Desktop/c_cpp/Makefile&quot;  VERBOSE=1 c_cpp/fast"/>
					<CompileFile command="/usr/bin/make -f &quot;/home/moroz/Desktop/c_cpp/Makefile&quot;  VERBOSE=1 &quot;$file&quot;"/>
					<Clean command="/usr/bin/make -f &quot;/home/moroz/Desktop/c_cpp/Makefile&quot;  VERBOSE=1 clean"/>
					<DistClean command="/usr/bin/make -f &quot;/home/moroz/Desktop/c_cpp/Makefile&quot;  VERBOSE=1 clean"/>
				</MakeCommands>
			</Target>
			<Target title="edit_cache">
				<Option working_dir="/home/moroz/Desktop/c_cpp"/>
				<Option type="4"/>
				<MakeCommands>
					<Build command="/usr/bin/make -f &quot;/home/moroz/Desktop/c_cpp/Makefile&quot;  VERBOSE=1 edit_cache"/>
					<CompileFile command="/usr/bin/make -f &quot;/home/moroz/Desktop/c_cpp/Makefile&quot;  VERBOSE=1 &quot;$file&quot;"/>
					<Clean command="/usr/bin/make -f &quot;/home/moroz/Desktop/c_cpp/Makefile&quot;  VERBOSE=1 clean"/>
					<DistClean command="/usr/bin/make -f &quot;/home/moroz/Desktop/c_cpp/Makefile&quot;  VERBOSE=1 clean"/>
				</MakeCommands>
			</Target>
			<Target title="myStaticLib">
				<Option output="/home/moroz/Desktop/c_cpp/libmyStaticLib.a" prefix_auto="0" extension_auto="0"/>
				<Option working_dir="/home/moroz/Desktop/c_cpp"/>
				<Option object_output="./"/>
				<Option type="2"/>
				<Option compiler="gcc"/>
				<Compiler>
					<Add directory="/home/moroz/Desktop/c_cpp/lib"/>
				</Compiler>
				<MakeCommands>
					<Build command="/usr/bin/make -f &quot;/home/moroz/Desktop/c_cpp/Makefile&quot;  VERBOSE=1 myStaticLib"/>
					<CompileFile command="/usr/bin/make -f &quot;/home/moroz/Desktop/c_cpp/Makefile&quot;  VERBOSE=1 &quot;$file&quot;"/>
					<Clean command="/usr/bin/make -f &quot;/home/moroz/Desktop/c_cpp/Makefile&quot;  VERBOSE=1 clean"/>
					<DistClean command="/usr/bin/make -f &quot;/home/moroz/Desktop/c_cpp/Makefile&quot;  VERBOSE=1 clean"/>
				</MakeCommands>
			</Target>
			<Target title="myStaticLib/fast">
				<Option output="/home/moroz/Desktop/c_cpp/libmyStaticLib.a" prefix_auto="0" extension_auto="0"/>
				<Option working_dir="/home/moroz/Desktop/c_cpp"/>
				<Option object_output="./"/>
				<Option type="2"/>
				<Option compiler="gcc"/>
				<Compiler>
					<Add directory="/home/moroz/Desktop/c_cpp/lib"/>
				</Compiler>
				<MakeCommands>
					<Build command="/usr/bin/make -f &quot;/home/moroz/Desktop/c_cpp/Makefile&quot;  VERBOSE=1 myStaticLib/fast"/>
					<CompileFile command="/usr/bin/make -f &quot;/home/moroz/Desktop/c_cpp/Makefile&quot;  VERBOSE=1 &quot;$file&quot;"/>
					<Clean command="/usr/bin/make -f &quot;/home/moroz/Desktop/c_cpp/Makefile&quot;  VERBOSE=1 clean"/>
					<DistClean command="/usr/bin/make -f &quot;/home/moroz/Desktop/c_cpp/Makefile&quot;  VERBOSE=1 clean"/>
				</MakeCommands>
			</Target>
			<Target title="rebuild_cache">
				<Option working_dir="/home/moroz/Desktop/c_cpp"/>
				<Option type="4"/>
				<MakeCommands>
					<Build command="/usr/bin/make -f &quot;/home/moroz/Desktop/c_cpp/Makefile&quot;  VERBOSE=1 rebuild_cache"/>
					<CompileFile command="/usr/bin/make -f &quot;/home/moroz/Desktop/c_cpp/Makefile&quot;  VERBOSE=1 &quot;$file&quot;"/>
					<Clean command="/usr/bin/make -f &quot;/home/moroz/Desktop/c_cpp/Makefile&quot;  VERBOSE=1 clean"/>
					<DistClean command="/usr/bin/make -f &quot;/home/moroz/Desktop/c_cpp/Makefile&quot;  VERBOSE=1 clean"/>
				</MakeCommands>
			</Target>
			<Target title="myDynamicLib">
				<Option output="/home/moroz/Desktop/c_cpp/libmyDynamicLib.so" prefix_auto="0" extension_auto="0"/>
				<Option working_dir="/home/moroz/Desktop/c_cpp"/>
				<Option object_output="./"/>
				<Option type="3"/>
				<Option compiler="gcc"/>
				<Compiler>
					<Add directory="/home/moroz/Desktop/c_cpp/lib"/>
				</Compiler>
				<MakeCommands>
					<Build command="/usr/bin/make -f &quot;/home/moroz/Desktop/c_cpp/Makefile&quot;  VERBOSE=1 myDynamicLib"/>
					<CompileFile command="/usr/bin/make -f &quot;/home/moroz/Desktop/c_cpp/Makefile&quot;  VERBOSE=1 &quot;$file&quot;"/>
					<Clean command="/usr/bin/make -f &quot;/home/moroz/Desktop/c_cpp/Makefile&quot;  VERBOSE=1 clean"/>
					<DistClean command="/usr/bin/make -f &quot;/home/moroz/Desktop/c_cpp/Makefile&quot;  VERBOSE=1 clean"/>
				</MakeCommands>
			</Target>
			<Target title="myDynamicLib/fast">
				<Option output="/home/moroz/Desktop/c_cpp/libmyDynamicLib.so" prefix_auto="0" extension_auto="0"/>
				<Option working_dir="/home/moroz/Desktop/c_cpp"/>
				<Option object_output="./"/>
				<Option type="3"/>
				<Option compiler="gcc"/>
				<Compiler>
					<Add directory="/home/moroz/Desktop/c_cpp/lib"/>
				</Compiler>
				<MakeCommands>
					<Build command="/usr/bin/make -f &quot;/home/moroz/Desktop/c_cpp/Makefile&quot;  VERBOSE=1 myDynamicLib/fast"/>
					<CompileFile command="/usr/bin/make -f &quot;/home/moroz/Desktop/c_cpp/Makefile&quot;  VERBOSE=1 &quot;$file&quot;"/>
					<Clean command="/usr/bin/make -f &quot;/home/moroz/Desktop/c_cpp/Makefile&quot;  VERBOSE=1 clean"/>
					<DistClean command="/usr/bin/make -f &quot;/home/moroz/Desktop/c_cpp/Makefile&quot;  VERBOSE=1 clean"/>
				</MakeCommands>
			</Target>
		</Build>
		<Unit filename="/home/moroz/Desktop/c_cpp/lib/myDynamicLib.c">
			<Option target="myDynamicLib"/>
		</Unit>
		<Unit filename="/home/moroz/Desktop/c_cpp/lib/myDynamicLib.h">
			<Option target="myDynamicLib"/>
		</Unit>
		<Unit filename="/home/moroz/Desktop/c_cpp/lib/myStaticLib.c">
			<Option target="myStaticLib"/>
		</Unit>
		<Unit filename="/home/moroz/Desktop/c_cpp/lib/myStaticLib.h">
			<Option target="myStaticLib"/>
		</Unit>
		<Unit filename="/home/moroz/Desktop/c_cpp/src/main.c">
			<Option target="c_cpp"/>
		</Unit>
		<Unit filename="/home/moroz/Desktop/c_cpp/CMakeLists.txt">
			<Option virtualFolder="CMake Files\"/>
		</Unit>
	</Project>
</CodeBlocks_project_file>
